Microsoft Visual Studio Solution File, Format Version 12.00
# Visual Studio Version 17
VisualStudioVersion = 17.5.2.0
MinimumVisualStudioVersion = 10.0.40219.1
Project("{FAE04EC0-301F-11D3-BF4B-00C04F79EFBC}") = "PlayerManagerMVC2", "PlayerManagerMVC2.csproj", "{8F04A4CF-DB01-97AF-BFF7-D20391CAEE96}"
EndProject
Global
	GlobalSection(SolutionConfigurationPlatforms) = preSolution
		Debug|Any CPU = Debug|Any CPU
		Release|Any CPU = Release|Any CPU
	EndGlobalSection
	GlobalSection(ProjectConfigurationPlatforms) = postSolution
		{8F04A4CF-DB01-97AF-BFF7-D20391CAEE96}.Debug|Any CPU.ActiveCfg = Debug|Any CPU
		{8F04A4CF-DB01-97AF-BFF7-D20391CAEE96}.Debug|Any CPU.Build.0 = Debug|Any CPU
		{8F04A4CF-DB01-97AF-BFF7-D20391CAEE96}.Release|Any CPU.ActiveCfg = Release|Any CPU
		{8F04A4CF-DB01-97AF-BFF7-D20391CAEE96}.Release|Any CPU.Build.0 = Release|Any CPU
	EndGlobalSection
	GlobalSection(SolutionProperties) = preSolution
		HideSolutionNode = FALSE
	EndGlobalSection
	GlobalSection(ExtensibilityGlobals) = postSolution
		SolutionGuid = {5551A090-E943-4BBC-9F57-9CE9F8A783B1}
	EndGlobalSection
EndGlobal
